
Microsoft Visual Studio Solution File, Format Version 12.00
# Visual Studio Version 17
VisualStudioVersion = 17.0.31903.59
MinimumVisualStudioVersion = 10.0.40219.1
Project("{2150E333-8FDC-42A3-9474-1A3956D46DE8}") = "src", "src", "{13D6F920-6033-4445-B332-480EA995EDFA}"
EndProject
Project("{FAE04EC0-301F-11D3-BF4B-00C04F79EFBC}") = "AuctionService", "src\AuctionService\AuctionService.csproj", "{3B6BF219-C9C0-4F49-B2DD-F228EFA9906D}"
EndProject
Project("{FAE04EC0-301F-11D3-BF4B-00C04F79EFBC}") = "SearchService", "src\SearchService\SearchService.csproj", "{AF358A45-6FEC-4CC1-ACCF-8D91DBF600DD}"
EndProject
Project("{FAE04EC0-301F-11D3-BF4B-00C04F79EFBC}") = "Contracts", "src\Contracts\Contracts.csproj", "{6E14BAEF-1B1C-4661-8B6D-F76FC61FDAEA}"
EndProject
Project("{FAE04EC0-301F-11D3-BF4B-00C04F79EFBC}") = "IdentityService", "src\IdentityService\IdentityService.csproj", "{5E2B3F38-BA97-4BB4-8E05-2980702DDB05}"
EndProject
Global
	GlobalSection(SolutionConfigurationPlatforms) = preSolution
		Debug|Any CPU = Debug|Any CPU
		Release|Any CPU = Release|Any CPU
	EndGlobalSection
	GlobalSection(SolutionProperties) = preSolution
		HideSolutionNode = FALSE
	EndGlobalSection
	GlobalSection(ProjectConfigurationPlatforms) = postSolution
		{3B6BF219-C9C0-4F49-B2DD-F228EFA9906D}.Debug|Any CPU.ActiveCfg = Debug|Any CPU
		{3B6BF219-C9C0-4F49-B2DD-F228EFA9906D}.Debug|Any CPU.Build.0 = Debug|Any CPU
		{3B6BF219-C9C0-4F49-B2DD-F228EFA9906D}.Release|Any CPU.ActiveCfg = Release|Any CPU
		{3B6BF219-C9C0-4F49-B2DD-F228EFA9906D}.Release|Any CPU.Build.0 = Release|Any CPU
		{AF358A45-6FEC-4CC1-ACCF-8D91DBF600DD}.Debug|Any CPU.ActiveCfg = Debug|Any CPU
		{AF358A45-6FEC-4CC1-ACCF-8D91DBF600DD}.Debug|Any CPU.Build.0 = Debug|Any CPU
		{AF358A45-6FEC-4CC1-ACCF-8D91DBF600DD}.Release|Any CPU.ActiveCfg = Release|Any CPU
		{AF358A45-6FEC-4CC1-ACCF-8D91DBF600DD}.Release|Any CPU.Build.0 = Release|Any CPU
		{6E14BAEF-1B1C-4661-8B6D-F76FC61FDAEA}.Debug|Any CPU.ActiveCfg = Debug|Any CPU
		{6E14BAEF-1B1C-4661-8B6D-F76FC61FDAEA}.Debug|Any CPU.Build.0 = Debug|Any CPU
		{6E14BAEF-1B1C-4661-8B6D-F76FC61FDAEA}.Release|Any CPU.ActiveCfg = Release|Any CPU
		{6E14BAEF-1B1C-4661-8B6D-F76FC61FDAEA}.Release|Any CPU.Build.0 = Release|Any CPU
		{5E2B3F38-BA97-4BB4-8E05-2980702DDB05}.Debug|Any CPU.ActiveCfg = Debug|Any CPU
		{5E2B3F38-BA97-4BB4-8E05-2980702DDB05}.Debug|Any CPU.Build.0 = Debug|Any CPU
		{5E2B3F38-BA97-4BB4-8E05-2980702DDB05}.Release|Any CPU.ActiveCfg = Release|Any CPU
		{5E2B3F38-BA97-4BB4-8E05-2980702DDB05}.Release|Any CPU.Build.0 = Release|Any CPU
	EndGlobalSection
	GlobalSection(NestedProjects) = preSolution
		{3B6BF219-C9C0-4F49-B2DD-F228EFA9906D} = {13D6F920-6033-4445-B332-480EA995EDFA}
		{AF358A45-6FEC-4CC1-ACCF-8D91DBF600DD} = {13D6F920-6033-4445-B332-480EA995EDFA}
		{6E14BAEF-1B1C-4661-8B6D-F76FC61FDAEA} = {13D6F920-6033-4445-B332-480EA995EDFA}
		{5E2B3F38-BA97-4BB4-8E05-2980702DDB05} = {13D6F920-6033-4445-B332-480EA995EDFA}
	EndGlobalSection
EndGlobal
